
Microsoft Visual Studio Solution File, Format Version 12.00
# Visual Studio Version 16
VisualStudioVersion = 16.0.29911.84
MinimumVisualStudioVersion = 10.0.40219.1
Project("{9A19103F-16F7-4668-BE54-9A1E7A4F7556}") = "FlightControlWeb", "FlightControlWeb\FlightControlWeb.csproj", "{0A72B630-DD80-4BBE-87EA-35F38C5E91BC}"
EndProject
Project("{FAE04EC0-301F-11D3-BF4B-00C04F79EFBC}") = "FlightControlWebTests2", "FlightControlWebTests2\FlightControlWebTests2.csproj", "{B63F0521-DF18-4B94-8103-2E349CF18812}"
EndProject
Global
	GlobalSection(SolutionConfigurationPlatforms) = preSolution
		Debug|Any CPU = Debug|Any CPU
		Release|Any CPU = Release|Any CPU
	EndGlobalSection
	GlobalSection(ProjectConfigurationPlatforms) = postSolution
		{0A72B630-DD80-4BBE-87EA-35F38C5E91BC}.Debug|Any CPU.ActiveCfg = Debug|Any CPU
		{0A72B630-DD80-4BBE-87EA-35F38C5E91BC}.Debug|Any CPU.Build.0 = Debug|Any CPU
		{0A72B630-DD80-4BBE-87EA-35F38C5E91BC}.Release|Any CPU.ActiveCfg = Release|Any CPU
		{0A72B630-DD80-4BBE-87EA-35F38C5E91BC}.Release|Any CPU.Build.0 = Release|Any CPU
		{B63F0521-DF18-4B94-8103-2E349CF18812}.Debug|Any CPU.ActiveCfg = Debug|Any CPU
		{B63F0521-DF18-4B94-8103-2E349CF18812}.Debug|Any CPU.Build.0 = Debug|Any CPU
		{B63F0521-DF18-4B94-8103-2E349CF18812}.Release|Any CPU.ActiveCfg = Release|Any CPU
		{B63F0521-DF18-4B94-8103-2E349CF18812}.Release|Any CPU.Build.0 = Release|Any CPU
	EndGlobalSection
	GlobalSection(SolutionProperties) = preSolution
		HideSolutionNode = FALSE
	EndGlobalSection
	GlobalSection(ExtensibilityGlobals) = postSolution
		SolutionGuid = {D89A288E-C12B-434B-B3E6-4072749EF3A8}
	EndGlobalSection
EndGlobal
